// !$*UTF8*$!
{
	archiveVersion = 1;
	classes = {
	};
	objectVersion = 46;
	objects = {

/* Begin PBXBuildFile section */
		C712D18A15AADA10007A59FC /* UIKit.framework in Frameworks */ = {isa = PBXBuildFile; fileRef = C712D18915AADA10007A59FC /* UIKit.framework */; };
		C712D18C15AADA10007A59FC /* Foundation.framework in Frameworks */ = {isa = PBXBuildFile; fileRef = C712D18B15AADA10007A59FC /* Foundation.framework */; };
		C712D18E15AADA10007A59FC /* CoreGraphics.framework in Frameworks */ = {isa = PBXBuildFile; fileRef = C712D18D15AADA10007A59FC /* CoreGraphics.framework */; };
		C712D19415AADA10007A59FC /* InfoPlist.strings in Resources */ = {isa = PBXBuildFile; fileRef = C712D19215AADA10007A59FC /* InfoPlist.strings */; };
		C712D19615AADA10007A59FC /* main.m in Sources */ = {isa = PBXBuildFile; fileRef = C712D19515AADA10007A59FC /* main.m */; };
		C712D19A15AADA10007A59FC /* AppDelegate.m in Sources */ = {isa = PBXBuildFile; fileRef = C712D19915AADA10007A59FC /* AppDelegate.m */; };
		C712D19D15AADA10007A59FC /* ViewController.m in Sources */ = {isa = PBXBuildFile; fileRef = C712D19C15AADA10007A59FC /* ViewController.m */; };
		C712D1A015AADA11007A59FC /* ViewController.xib in Resources */ = {isa = PBXBuildFile; fileRef = C712D19E15AADA11007A59FC /* ViewController.xib */; };
/* End PBXBuildFile section */

/* Begin PBXFileReference section */
		C712D18515AADA10007A59FC /* LbuttonProgramatically.app */ = {isa = PBXFileReference; explicitFileType = wrapper.application; includeInIndex = 0; path = LbuttonProgramatically.app; sourceTree = BUILT_PRODUCTS_DIR; };
		C712D18915AADA10007A59FC /* UIKit.framework */ = {isa = PBXFileReference; lastKnownFileType = wrapper.framework; name = UIKit.framework; path = System/Library/Frameworks/UIKit.framework; sourceTree = SDKROOT; };
		C712D18B15AADA10007A59FC /* Foundation.framework */ = {isa = PBXFileReference; lastKnownFileType = wrapper.framework; name = Foundation.framework; path = System/Library/Frameworks/Foundation.framework; sourceTree = SDKROOT; };
		C712D18D15AADA10007A59FC /* CoreGraphics.framework */ = {isa = PBXFileReference; lastKnownFileType = wrapper.framework; name = CoreGraphics.framework; path = System/Library/Frameworks/CoreGraphics.framework; sourceTree = SDKROOT; };
		C712D19115AADA10007A59FC /* LbuttonProgramatically-Info.plist */ = {isa = PBXFileReference; lastKnownFileType = text.plist.xml; path = "LbuttonProgramatically-Info.plist"; sourceTree = "<group>"; };
		C712D19315AADA10007A59FC /* en */ = {isa = PBXFileReference; lastKnownFileType = text.plist.strings; name = en; path = en.lproj/InfoPlist.strings; sourceTree = "<group>"; };
		C712D19515AADA10007A59FC /* main.m */ = {isa = PBXFileReference; lastKnownFileType = sourcecode.c.objc; path = main.m; sourceTree = "<group>"; };
		C712D19715AADA10007A59FC /* LbuttonProgramatically-Prefix.pch */ = {isa = PBXFileReference; lastKnownFileType = sourcecode.c.h; path = "LbuttonProgramatically-Prefix.pch"; sourceTree = "<group>"; };
		C712D19815AADA10007A59FC /* AppDelegate.h */ = {isa = PBXFileReference; lastKnownFileType = sourcecode.c.h; path = AppDelegate.h; sourceTree = "<group>"; };
		C712D19915AADA10007A59FC /* AppDelegate.m */ = {isa = PBXFileReference; lastKnownFileType = sourcecode.c.objc; path = AppDelegate.m; sourceTree = "<group>"; };
		C712D19B15AADA10007A59FC /* ViewController.h */ = {isa = PBXFileReference; lastKnownFileType = sourcecode.c.h; path = ViewController.h; sourceTree = "<group>"; };
		C712D19C15AADA10007A59FC /* ViewController.m */ = {isa = PBXFileReference; lastKnownFileType = sourcecode.c.objc; path = ViewController.m; sourceTree = "<group>"; };
		C712D19F15AADA11007A59FC /* en */ = {isa = PBXFileReference; lastKnownFileType = file.xib; name = en; path = en.lproj/ViewController.xib; sourceTree = "<group>"; };
/* End PBXFileReference section */

/* Begin PBXFrameworksBuildPhase section */
		C712D18215AADA10007A59FC /* Frameworks */ = {
			isa = PBXFrameworksBuildPhase;
			buildActionMask = 2147483647;
			files = (
				C712D18A15AADA10007A59FC /* UIKit.framework in Frameworks */,
				C712D18C15AADA10007A59FC /* Foundation.framework in Frameworks */,
				C712D18E15AADA10007A59FC /* CoreGraphics.framework in Frameworks */,
			);
			runOnlyForDeploymentPostprocessing = 0;
		};
/* End PBXFrameworksBuildPhase section */

/* Begin PBXGroup section */
		C712D17A15AADA0F007A59FC = {
			isa = PBXGroup;
			children = (
				C712D18F15AADA10007A59FC /* LbuttonProgramatically */,
				C712D18815AADA10007A59FC /* Frameworks */,
				C712D18615AADA10007A59FC /* Products */,
			);
			sourceTree = "<group>";
		};
		C712D18615AADA10007A59FC /* Products */ = {
			isa = PBXGroup;
			children = (
				C712D18515AADA10007A59FC /* LbuttonProgramatically.app */,
			);
			name = Products;
			sourceTree = "<group>";
		};
		C712D18815AADA10007A59FC /* Frameworks */ = {
			isa = PBXGroup;
			children = (
				C712D18915AADA10007A59FC /* UIKit.framework */,
				C712D18B15AADA10007A59FC /* Foundation.framework */,
				C712D18D15AADA10007A59FC /* CoreGraphics.framework */,
			);
			name = Frameworks;
			sourceTree = "<group>";
		};
		C712D18F15AADA10007A59FC /* LbuttonProgramatically */ = {
			isa = PBXGroup;
			children = (
				C712D19815AADA10007A59FC /* AppDelegate.h */,
				C712D19915AADA10007A59FC /* AppDelegate.m */,
				C712D19B15AADA10007A59FC /* ViewController.h */,
				C712D19C15AADA10007A59FC /* ViewController.m */,
				C712D19E15AADA11007A59FC /* ViewController.xib */,
				C712D19015AADA10007A59FC /* Supporting Files */,
			);
			path = LbuttonProgramatically;
			sourceTree = "<group>";
		};
		C712D19015AADA10007A59FC /* Supporting Files */ = {
			isa = PBXGroup;
			children = (
				C712D19115AADA10007A59FC /* LbuttonProgramatically-Info.plist */,
				C712D19215AADA10007A59FC /* InfoPlist.strings */,
				C712D19515AADA10007A59FC /* main.m */,
				C712D19715AADA10007A59FC /* LbuttonProgramatically-Prefix.pch */,
			);
			name = "Supporting Files";
			sourceTree = "<group>";
		};
/* End PBXGroup section */

/* Begin PBXNativeTarget section */
		C712D18415AADA10007A59FC /* LbuttonProgramatically */ = {
			isa = PBXNativeTarget;
			buildConfigurationList = C712D1A315AADA11007A59FC /* Build configuration list for PBXNativeTarget "LbuttonProgramatically" */;
			buildPhases = (
				C712D18115AADA10007A59FC /* Sources */,
				C712D18215AADA10007A59FC /* Frameworks */,
				C712D18315AADA10007A59FC /* Resources */,
			);
			buildRules = (
			);
			dependencies = (
			);
			name = LbuttonProgramatically;
			productName = LbuttonProgramatically;
			productReference = C712D18515AADA10007A59FC /* LbuttonProgramatically.app */;
			productType = "com.apple.product-type.application";
		};
/* End PBXNativeTarget section */

/* Begin PBXProject section */
		C712D17C15AADA0F007A59FC /* Project object */ = {
			isa = PBXProject;
			attributes = {
				LastUpgradeCheck = 0420;
				ORGANIZATIONNAME = "rathodrc@gmail.com";
			};
			buildConfigurationList = C712D17F15AADA0F007A59FC /* Build configuration list for PBXProject "LbuttonProgramatically" */;
			compatibilityVersion = "Xcode 3.2";
			developmentRegion = English;
			hasScannedForEncodings = 0;
			knownRegions = (
				en,
			);
			mainGroup = C712D17A15AADA0F007A59FC;
			productRefGroup = C712D18615AADA10007A59FC /* Products */;
			projectDirPath = "";
			projectRoot = "";
			targets = (
				C712D18415AADA10007A59FC /* LbuttonProgramatically */,
			);
		};
/* End PBXProject section */

/* Begin PBXResourcesBuildPhase section */
		C712D18315AADA10007A59FC /* Resources */ = {
			isa = PBXResourcesBuildPhase;
			buildActionMask = 2147483647;
			files = (
				C712D19415AADA10007A59FC /* InfoPlist.strings in Resources */,
				C712D1A015AADA11007A59FC /* ViewController.xib in Resources */,
			);
			runOnlyForDeploymentPostprocessing = 0;
		};
/* End PBXResourcesBuildPhase section */

/* Begin PBXSourcesBuildPhase section */
		C712D18115AADA10007A59FC /* Sources */ = {
			isa = PBXSourcesBuildPhase;
			buildActionMask = 2147483647;
			files = (
				C712D19615AADA10007A59FC /* main.m in Sources */,
				C712D19A15AADA10007A59FC /* AppDelegate.m in Sources */,
				C712D19D15AADA10007A59FC /* ViewController.m in Sources */,
			);
			runOnlyForDeploymentPostprocessing = 0;
		};
/* End PBXSourcesBuildPhase section */

/* Begin PBXVariantGroup section */
		C712D19215AADA10007A59FC /* InfoPlist.strings */ = {
			isa = PBXVariantGroup;
			children = (
				C712D19315AADA10007A59FC /* en */,
			);
			name = InfoPlist.strings;
			sourceTree = "<group>";
		};
		C712D19E15AADA11007A59FC /* ViewController.xib */ = {
			isa = PBXVariantGroup;
			children = (
				C712D19F15AADA11007A59FC /* en */,
			);
			name = ViewController.xib;
			sourceTree = "<group>";
		};
/* End PBXVariantGroup section */

/* Begin XCBuildConfiguration section */
		C712D1A115AADA11007A59FC /* Debug */ = {
			isa = XCBuildConfiguration;
			buildSettings = {
				ALWAYS_SEARCH_USER_PATHS = NO;
				ARCHS = "$(ARCHS_STANDARD_32_BIT)";
				"CODE_SIGN_IDENTITY[sdk=iphoneos*]" = "iPhone Developer";
				COPY_PHASE_STRIP = NO;
				GCC_C_LANGUAGE_STANDARD = gnu99;
				GCC_DYNAMIC_NO_PIC = NO;
				GCC_OPTIMIZATION_LEVEL = 0;
				GCC_PREPROCESSOR_DEFINITIONS = (
					"DEBUG=1",
					"$(inherited)",
				);
				GCC_SYMBOLS_PRIVATE_EXTERN = NO;
				GCC_VERSION = com.apple.compilers.llvm.clang.1_0;
				GCC_WARN_ABOUT_MISSING_PROTOTYPES = YES;
				GCC_WARN_ABOUT_RETURN_TYPE = YES;
				GCC_WARN_UNUSED_VARIABLE = YES;
				IPHONEOS_DEPLOYMENT_TARGET = 5.0;
				SDKROOT = iphoneos;
			};
			name = Debug;
		};
		C712D1A215AADA11007A59FC /* Release */ = {
			isa = XCBuildConfiguration;
			buildSettings = {
				ALWAYS_SEARCH_USER_PATHS = NO;
				ARCHS = "$(ARCHS_STANDARD_32_BIT)";
				"CODE_SIGN_IDENTITY[sdk=iphoneos*]" = "iPhone Developer";
				COPY_PHASE_STRIP = YES;
				GCC_C_LANGUAGE_STANDARD = gnu99;
				GCC_VERSION = com.apple.compilers.llvm.clang.1_0;
				GCC_WARN_ABOUT_MISSING_PROTOTYPES = YES;
				GCC_WARN_ABOUT_RETURN_TYPE = YES;
				GCC_WARN_UNUSED_VARIABLE = YES;
				IPHONEOS_DEPLOYMENT_TARGET = 5.0;
				OTHER_CFLAGS = "-DNS_BLOCK_ASSERTIONS=1";
				SDKROOT = iphoneos;
				VALIDATE_PRODUCT = YES;
			};
			name = Release;
		};
		C712D1A415AADA11007A59FC /* Debug */ = {
			isa = XCBuildConfiguration;
			buildSettings = {
				GCC_PRECOMPILE_PREFIX_HEADER = YES;
				GCC_PREFIX_HEADER = "LbuttonProgramatically/LbuttonProgramatically-Prefix.pch";
				INFOPLIST_FILE = "LbuttonProgramatically/LbuttonProgramatically-Info.plist";
				PRODUCT_NAME = "$(TARGET_NAME)";
				WRAPPER_EXTENSION = app;
			};
			name = Debug;
		};
		C712D1A515AADA11007A59FC /* Release */ = {
			isa = XCBuildConfiguration;
			buildSettings = {
				GCC_PRECOMPILE_PREFIX_HEADER = YES;
				GCC_PREFIX_HEADER = "LbuttonProgramatically/LbuttonProgramatically-Prefix.pch";
				INFOPLIST_FILE = "LbuttonProgramatically/LbuttonProgramatically-Info.plist";
				PRODUCT_NAME = "$(TARGET_NAME)";
				WRAPPER_EXTENSION = app;
			};
			name = Release;
		};
/* End XCBuildConfiguration section */

/* Begin XCConfigurationList section */
		C712D17F15AADA0F007A59FC /* Build configuration list for PBXProject "LbuttonProgramatically" */ = {
			isa = XCConfigurationList;
			buildConfigurations = (
				C712D1A115AADA11007A59FC /* Debug */,
				C712D1A215AADA11007A59FC /* Release */,
			);
			defaultConfigurationIsVisible = 0;
			defaultConfigurationName = Release;
		};
		C712D1A315AADA11007A59FC /* Build configuration list for PBXNativeTarget "LbuttonProgramatically" */ = {
			isa = XCConfigurationList;
			buildConfigurations = (
				C712D1A415AADA11007A59FC /* Debug */,
				C712D1A515AADA11007A59FC /* Release */,
			);
			defaultConfigurationIsVisible = 0;
		};
/* End XCConfigurationList section */
	};
	rootObject = C712D17C15AADA0F007A59FC /* Project object */;
}
